
Microsoft Visual Studio Solution File, Format Version 12.00
# Visual Studio Version 17
VisualStudioVersion = 17.0.31825.309
MinimumVisualStudioVersion = 10.0.40219.1
Project("{9A19103F-16F7-4668-BE54-9A1E7A4F7556}") = "API", "API\API.csproj", "{2C43BD1D-320B-4F76-8BBF-97FD6C0A4FB0}"
EndProject
Project("{9A19103F-16F7-4668-BE54-9A1E7A4F7556}") = "Contracts", "Contracts\Contracts.csproj", "{5988BC9B-A0B9-4460-98C6-ACFFEC313934}"
EndProject
Project("{9A19103F-16F7-4668-BE54-9A1E7A4F7556}") = "Entities", "Entities\Entities.csproj", "{9F81DF29-C770-461A-996F-ADF5E6CDDB64}"
EndProject
Project("{9A19103F-16F7-4668-BE54-9A1E7A4F7556}") = "LoggerService", "LoggerService\LoggerService.csproj", "{EDB96F76-8627-4B1E-B23D-C6C1014A5BAE}"
EndProject
Project("{9A19103F-16F7-4668-BE54-9A1E7A4F7556}") = "MailService", "MailService\MailService.csproj", "{05C9E00C-FB3B-44BA-A741-372BE279B455}"
EndProject
Global
	GlobalSection(SolutionConfigurationPlatforms) = preSolution
		Debug|Any CPU = Debug|Any CPU
		Release|Any CPU = Release|Any CPU
	EndGlobalSection
	GlobalSection(ProjectConfigurationPlatforms) = postSolution
		{2C43BD1D-320B-4F76-8BBF-97FD6C0A4FB0}.Debug|Any CPU.ActiveCfg = Debug|Any CPU
		{2C43BD1D-320B-4F76-8BBF-97FD6C0A4FB0}.Debug|Any CPU.Build.0 = Debug|Any CPU
		{2C43BD1D-320B-4F76-8BBF-97FD6C0A4FB0}.Release|Any CPU.ActiveCfg = Release|Any CPU
		{2C43BD1D-320B-4F76-8BBF-97FD6C0A4FB0}.Release|Any CPU.Build.0 = Release|Any CPU
		{5988BC9B-A0B9-4460-98C6-ACFFEC313934}.Debug|Any CPU.ActiveCfg = Debug|Any CPU
		{5988BC9B-A0B9-4460-98C6-ACFFEC313934}.Debug|Any CPU.Build.0 = Debug|Any CPU
		{5988BC9B-A0B9-4460-98C6-ACFFEC313934}.Release|Any CPU.ActiveCfg = Release|Any CPU
		{5988BC9B-A0B9-4460-98C6-ACFFEC313934}.Release|Any CPU.Build.0 = Release|Any CPU
		{9F81DF29-C770-461A-996F-ADF5E6CDDB64}.Debug|Any CPU.ActiveCfg = Debug|Any CPU
		{9F81DF29-C770-461A-996F-ADF5E6CDDB64}.Debug|Any CPU.Build.0 = Debug|Any CPU
		{9F81DF29-C770-461A-996F-ADF5E6CDDB64}.Release|Any CPU.ActiveCfg = Release|Any CPU
		{9F81DF29-C770-461A-996F-ADF5E6CDDB64}.Release|Any CPU.Build.0 = Release|Any CPU
		{EDB96F76-8627-4B1E-B23D-C6C1014A5BAE}.Debug|Any CPU.ActiveCfg = Debug|Any CPU
		{EDB96F76-8627-4B1E-B23D-C6C1014A5BAE}.Debug|Any CPU.Build.0 = Debug|Any CPU
		{EDB96F76-8627-4B1E-B23D-C6C1014A5BAE}.Release|Any CPU.ActiveCfg = Release|Any CPU
		{EDB96F76-8627-4B1E-B23D-C6C1014A5BAE}.Release|Any CPU.Build.0 = Release|Any CPU
		{05C9E00C-FB3B-44BA-A741-372BE279B455}.Debug|Any CPU.ActiveCfg = Debug|Any CPU
		{05C9E00C-FB3B-44BA-A741-372BE279B455}.Debug|Any CPU.Build.0 = Debug|Any CPU
		{05C9E00C-FB3B-44BA-A741-372BE279B455}.Release|Any CPU.ActiveCfg = Release|Any CPU
		{05C9E00C-FB3B-44BA-A741-372BE279B455}.Release|Any CPU.Build.0 = Release|Any CPU
	EndGlobalSection
	GlobalSection(SolutionProperties) = preSolution
		HideSolutionNode = FALSE
	EndGlobalSection
	GlobalSection(ExtensibilityGlobals) = postSolution
		SolutionGuid = {947B393A-786B-471F-B06A-55E8BF32FF25}
	EndGlobalSection
EndGlobal
